
Microsoft Visual Studio Solution File, Format Version 12.00
# Visual Studio Version 16
VisualStudioVersion = 16.0.29728.190
MinimumVisualStudioVersion = 10.0.40219.1
Project("{9A19103F-16F7-4668-BE54-9A1E7A4F7556}") = "Currencies.Api", "Currencies.Api\Currencies.Api.csproj", "{2586BBE7-C678-4153-8FB3-86C7139F4FA1}"
EndProject
Project("{FAE04EC0-301F-11D3-BF4B-00C04F79EFBC}") = "Currencies.App", "Currencies.App\Currencies.App.csproj", "{60CE318D-D18B-4692-8101-CD0843601904}"
EndProject
Project("{FAE04EC0-301F-11D3-BF4B-00C04F79EFBC}") = "Currencies.Domain", "Currencies.Domain\Currencies.Domain.csproj", "{FED3F634-DD13-44A3-BE7F-10813568D7A4}"
EndProject
Project("{FAE04EC0-301F-11D3-BF4B-00C04F79EFBC}") = "Currencies.DataAccess", "Currencies.DataAccess\Currencies.DataAccess.csproj", "{04783F18-B05F-4B09-90F3-10EE37C446F5}"
EndProject
Global
	GlobalSection(SolutionConfigurationPlatforms) = preSolution
		Debug|Any CPU = Debug|Any CPU
		Release|Any CPU = Release|Any CPU
	EndGlobalSection
	GlobalSection(ProjectConfigurationPlatforms) = postSolution
		{2586BBE7-C678-4153-8FB3-86C7139F4FA1}.Debug|Any CPU.ActiveCfg = Debug|Any CPU
		{2586BBE7-C678-4153-8FB3-86C7139F4FA1}.Debug|Any CPU.Build.0 = Debug|Any CPU
		{2586BBE7-C678-4153-8FB3-86C7139F4FA1}.Release|Any CPU.ActiveCfg = Release|Any CPU
		{2586BBE7-C678-4153-8FB3-86C7139F4FA1}.Release|Any CPU.Build.0 = Release|Any CPU
		{60CE318D-D18B-4692-8101-CD0843601904}.Debug|Any CPU.ActiveCfg = Debug|Any CPU
		{60CE318D-D18B-4692-8101-CD0843601904}.Debug|Any CPU.Build.0 = Debug|Any CPU
		{60CE318D-D18B-4692-8101-CD0843601904}.Release|Any CPU.ActiveCfg = Release|Any CPU
		{60CE318D-D18B-4692-8101-CD0843601904}.Release|Any CPU.Build.0 = Release|Any CPU
		{FED3F634-DD13-44A3-BE7F-10813568D7A4}.Debug|Any CPU.ActiveCfg = Debug|Any CPU
		{FED3F634-DD13-44A3-BE7F-10813568D7A4}.Debug|Any CPU.Build.0 = Debug|Any CPU
		{FED3F634-DD13-44A3-BE7F-10813568D7A4}.Release|Any CPU.ActiveCfg = Release|Any CPU
		{FED3F634-DD13-44A3-BE7F-10813568D7A4}.Release|Any CPU.Build.0 = Release|Any CPU
		{04783F18-B05F-4B09-90F3-10EE37C446F5}.Debug|Any CPU.ActiveCfg = Debug|Any CPU
		{04783F18-B05F-4B09-90F3-10EE37C446F5}.Debug|Any CPU.Build.0 = Debug|Any CPU
		{04783F18-B05F-4B09-90F3-10EE37C446F5}.Release|Any CPU.ActiveCfg = Release|Any CPU
		{04783F18-B05F-4B09-90F3-10EE37C446F5}.Release|Any CPU.Build.0 = Release|Any CPU
	EndGlobalSection
	GlobalSection(SolutionProperties) = preSolution
		HideSolutionNode = FALSE
	EndGlobalSection
	GlobalSection(ExtensibilityGlobals) = postSolution
		SolutionGuid = {A1399D75-2A3F-46D9-893D-72FAC9B74836}
	EndGlobalSection
EndGlobal
